
Microsoft Visual Studio Solution File, Format Version 12.00
# Visual Studio Version 17
VisualStudioVersion = 17.1.32319.34
MinimumVisualStudioVersion = 10.0.40219.1
Project("{9A19103F-16F7-4668-BE54-9A1E7A4F7556}") = "3dPrintCalculatorLibrary", "3dPrintCalculatorLibrary\3dPrintCalculatorLibrary.csproj", "{DFD7A630-1D47-46CF-86E0-CAAFEBF50EEB}"
EndProject
Project("{9A19103F-16F7-4668-BE54-9A1E7A4F7556}") = "3dPrintCalculatorLibrary.NUnitTest", "3dPrintCalculatorLibrary.NUnitTest\3dPrintCalculatorLibrary.NUnitTest.csproj", "{A30455DB-BF38-4088-BDC1-17215ED75F91}"
EndProject
Project("{9A19103F-16F7-4668-BE54-9A1E7A4F7556}") = "3dPrintCalculatorLibrary.SQLite", "3dPrintCalculatorLibrary.SQLite\3dPrintCalculatorLibrary.SQLite.csproj", "{A1422614-8919-48B7-BAFD-F9E292C9B74C}"
EndProject
Project("{2150E333-8FDC-42A3-9474-1A3956D46DE8}") = "Solution Items", "Solution Items", "{B6A2A771-85A4-4093-938F-01B00D3BFC21}"
	ProjectSection(SolutionItems) = preProject
		..\common.props = ..\common.props
	EndProjectSection
EndProject
Project("{9A19103F-16F7-4668-BE54-9A1E7A4F7556}") = "3dPrintCalculatorLibrary.Realm", "3dPrintCalculatorLibrary.Realm\3dPrintCalculatorLibrary.Realm.csproj", "{6EB82246-7B8C-43CE-866F-76B65CCB1FCB}"
EndProject
Project("{FAE04EC0-301F-11D3-BF4B-00C04F79EFBC}") = "3dPrintCalculatorLibrary.Core", "3dPrintCalculatorLibrary.Core\3dPrintCalculatorLibrary.Core.csproj", "{9AE76F61-F3A9-441E-8D86-DDC4FF8B5E50}"
EndProject
Global
	GlobalSection(SolutionConfigurationPlatforms) = preSolution
		Debug|Any CPU = Debug|Any CPU
		Release|Any CPU = Release|Any CPU
	EndGlobalSection
	GlobalSection(ProjectConfigurationPlatforms) = postSolution
		{DFD7A630-1D47-46CF-86E0-CAAFEBF50EEB}.Debug|Any CPU.ActiveCfg = Debug|Any CPU
		{DFD7A630-1D47-46CF-86E0-CAAFEBF50EEB}.Debug|Any CPU.Build.0 = Debug|Any CPU
		{DFD7A630-1D47-46CF-86E0-CAAFEBF50EEB}.Release|Any CPU.ActiveCfg = Release|Any CPU
		{DFD7A630-1D47-46CF-86E0-CAAFEBF50EEB}.Release|Any CPU.Build.0 = Release|Any CPU
		{A30455DB-BF38-4088-BDC1-17215ED75F91}.Debug|Any CPU.ActiveCfg = Debug|Any CPU
		{A30455DB-BF38-4088-BDC1-17215ED75F91}.Debug|Any CPU.Build.0 = Debug|Any CPU
		{A30455DB-BF38-4088-BDC1-17215ED75F91}.Release|Any CPU.ActiveCfg = Release|Any CPU
		{A30455DB-BF38-4088-BDC1-17215ED75F91}.Release|Any CPU.Build.0 = Release|Any CPU
		{A1422614-8919-48B7-BAFD-F9E292C9B74C}.Debug|Any CPU.ActiveCfg = Debug|Any CPU
		{A1422614-8919-48B7-BAFD-F9E292C9B74C}.Debug|Any CPU.Build.0 = Debug|Any CPU
		{A1422614-8919-48B7-BAFD-F9E292C9B74C}.Release|Any CPU.ActiveCfg = Release|Any CPU
		{A1422614-8919-48B7-BAFD-F9E292C9B74C}.Release|Any CPU.Build.0 = Release|Any CPU
		{6EB82246-7B8C-43CE-866F-76B65CCB1FCB}.Debug|Any CPU.ActiveCfg = Debug|Any CPU
		{6EB82246-7B8C-43CE-866F-76B65CCB1FCB}.Debug|Any CPU.Build.0 = Debug|Any CPU
		{6EB82246-7B8C-43CE-866F-76B65CCB1FCB}.Release|Any CPU.ActiveCfg = Release|Any CPU
		{6EB82246-7B8C-43CE-866F-76B65CCB1FCB}.Release|Any CPU.Build.0 = Release|Any CPU
		{9AE76F61-F3A9-441E-8D86-DDC4FF8B5E50}.Debug|Any CPU.ActiveCfg = Debug|Any CPU
		{9AE76F61-F3A9-441E-8D86-DDC4FF8B5E50}.Debug|Any CPU.Build.0 = Debug|Any CPU
		{9AE76F61-F3A9-441E-8D86-DDC4FF8B5E50}.Release|Any CPU.ActiveCfg = Release|Any CPU
		{9AE76F61-F3A9-441E-8D86-DDC4FF8B5E50}.Release|Any CPU.Build.0 = Release|Any CPU
	EndGlobalSection
	GlobalSection(SolutionProperties) = preSolution
		HideSolutionNode = FALSE
	EndGlobalSection
	GlobalSection(ExtensibilityGlobals) = postSolution
		SolutionGuid = {1D64FFE7-E9DB-41BF-85C9-150AE67915FB}
	EndGlobalSection
EndGlobal
